
Microsoft Visual Studio Solution File, Format Version 12.00
# Visual Studio Version 17
VisualStudioVersion = 17.13.35825.156 d17.13
MinimumVisualStudioVersion = 10.0.40219.1
Project("{FAE04EC0-301F-11D3-BF4B-00C04F79EFBC}") = "BCDComp", "BCDComp.csproj", "{6C274856-6D45-4235-B330-5AC8E6EA35BE}"
EndProject
Project("{FAE04EC0-301F-11D3-BF4B-00C04F79EFBC}") = "BCDLib", "..\BCDLib\BCDLib.csproj", "{9740A099-3132-4D0B-B534-017E955F84F7}"
EndProject
Global
	GlobalSection(SolutionConfigurationPlatforms) = preSolution
		Debug|Any CPU = Debug|Any CPU
		Release|Any CPU = Release|Any CPU
	EndGlobalSection
	GlobalSection(ProjectConfigurationPlatforms) = postSolution
		{6C274856-6D45-4235-B330-5AC8E6EA35BE}.Debug|Any CPU.ActiveCfg = Debug|Any CPU
		{6C274856-6D45-4235-B330-5AC8E6EA35BE}.Debug|Any CPU.Build.0 = Debug|Any CPU
		{6C274856-6D45-4235-B330-5AC8E6EA35BE}.Release|Any CPU.ActiveCfg = Release|Any CPU
		{6C274856-6D45-4235-B330-5AC8E6EA35BE}.Release|Any CPU.Build.0 = Release|Any CPU
		{9740A099-3132-4D0B-B534-017E955F84F7}.Debug|Any CPU.ActiveCfg = Debug|Any CPU
		{9740A099-3132-4D0B-B534-017E955F84F7}.Debug|Any CPU.Build.0 = Debug|Any CPU
		{9740A099-3132-4D0B-B534-017E955F84F7}.Release|Any CPU.ActiveCfg = Release|Any CPU
		{9740A099-3132-4D0B-B534-017E955F84F7}.Release|Any CPU.Build.0 = Release|Any CPU
	EndGlobalSection
	GlobalSection(SolutionProperties) = preSolution
		HideSolutionNode = FALSE
	EndGlobalSection
	GlobalSection(ExtensibilityGlobals) = postSolution
		SolutionGuid = {6149F109-D5F9-4D80-8103-763DFE71C49D}
	EndGlobalSection
EndGlobal
